
Microsoft Visual Studio Solution File, Format Version 12.00
# Visual Studio Version 17
VisualStudioVersion = 17.0.31903.59
MinimumVisualStudioVersion = 10.0.40219.1
Project("{2150E333-8FDC-42A3-9474-1A3956D46DE8}") = "src", "src", "{827E0CD3-B72D-47B6-A68D-7590B98EB39B}"
EndProject
Project("{FAE04EC0-301F-11D3-BF4B-00C04F79EFBC}") = "Contracts", "src\Contracts\Contracts.csproj", "{7A238337-5CF4-4820-B10D-A0371FAC5D48}"
EndProject
Project("{FAE04EC0-301F-11D3-BF4B-00C04F79EFBC}") = "Domain", "src\PartnerService\Domain\Domain.csproj", "{DBF88F4B-7359-4C77-B750-4B014BE0C2B2}"
EndProject
Project("{FAE04EC0-301F-11D3-BF4B-00C04F79EFBC}") = "Application", "src\PartnerService\Application\Application.csproj", "{45678E02-D7AA-4515-B04F-38C48F5E48F7}"
EndProject
Project("{FAE04EC0-301F-11D3-BF4B-00C04F79EFBC}") = "Infra", "src\PartnerService\Infra\Infra.csproj", "{58329A45-4F12-4599-A70B-950CF3BF25B4}"
EndProject
Project("{FAE04EC0-301F-11D3-BF4B-00C04F79EFBC}") = "Api", "src\PartnerService\Api\Api.csproj", "{C9951D69-4847-4208-A4B0-B1861AD3BCF6}"
EndProject
Project("{FAE04EC0-301F-11D3-BF4B-00C04F79EFBC}") = "Tests", "src\PartnerService\Tests\Tests.csproj", "{CFCEB7B9-F5B9-45EB-A289-008E77841172}"
EndProject
Project("{FAE04EC0-301F-11D3-BF4B-00C04F79EFBC}") = "ApiGateway", "src\ApiGateway\ApiGateway.csproj", "{8D380ADA-A2E0-4E33-9DB4-28BE5A0236BA}"
EndProject
Global
	GlobalSection(SolutionConfigurationPlatforms) = preSolution
		Debug|Any CPU = Debug|Any CPU
		Debug|x64 = Debug|x64
		Debug|x86 = Debug|x86
		Release|Any CPU = Release|Any CPU
		Release|x64 = Release|x64
		Release|x86 = Release|x86
	EndGlobalSection
	GlobalSection(ProjectConfigurationPlatforms) = postSolution
		{7A238337-5CF4-4820-B10D-A0371FAC5D48}.Debug|Any CPU.ActiveCfg = Debug|Any CPU
		{7A238337-5CF4-4820-B10D-A0371FAC5D48}.Debug|Any CPU.Build.0 = Debug|Any CPU
		{7A238337-5CF4-4820-B10D-A0371FAC5D48}.Debug|x64.ActiveCfg = Debug|Any CPU
		{7A238337-5CF4-4820-B10D-A0371FAC5D48}.Debug|x64.Build.0 = Debug|Any CPU
		{7A238337-5CF4-4820-B10D-A0371FAC5D48}.Debug|x86.ActiveCfg = Debug|Any CPU
		{7A238337-5CF4-4820-B10D-A0371FAC5D48}.Debug|x86.Build.0 = Debug|Any CPU
		{7A238337-5CF4-4820-B10D-A0371FAC5D48}.Release|Any CPU.ActiveCfg = Release|Any CPU
		{7A238337-5CF4-4820-B10D-A0371FAC5D48}.Release|Any CPU.Build.0 = Release|Any CPU
		{7A238337-5CF4-4820-B10D-A0371FAC5D48}.Release|x64.ActiveCfg = Release|Any CPU
		{7A238337-5CF4-4820-B10D-A0371FAC5D48}.Release|x64.Build.0 = Release|Any CPU
		{7A238337-5CF4-4820-B10D-A0371FAC5D48}.Release|x86.ActiveCfg = Release|Any CPU
		{7A238337-5CF4-4820-B10D-A0371FAC5D48}.Release|x86.Build.0 = Release|Any CPU
		{DBF88F4B-7359-4C77-B750-4B014BE0C2B2}.Debug|Any CPU.ActiveCfg = Debug|Any CPU
		{DBF88F4B-7359-4C77-B750-4B014BE0C2B2}.Debug|Any CPU.Build.0 = Debug|Any CPU
		{DBF88F4B-7359-4C77-B750-4B014BE0C2B2}.Debug|x64.ActiveCfg = Debug|Any CPU
		{DBF88F4B-7359-4C77-B750-4B014BE0C2B2}.Debug|x64.Build.0 = Debug|Any CPU
		{DBF88F4B-7359-4C77-B750-4B014BE0C2B2}.Debug|x86.ActiveCfg = Debug|Any CPU
		{DBF88F4B-7359-4C77-B750-4B014BE0C2B2}.Debug|x86.Build.0 = Debug|Any CPU
		{DBF88F4B-7359-4C77-B750-4B014BE0C2B2}.Release|Any CPU.ActiveCfg = Release|Any CPU
		{DBF88F4B-7359-4C77-B750-4B014BE0C2B2}.Release|Any CPU.Build.0 = Release|Any CPU
		{DBF88F4B-7359-4C77-B750-4B014BE0C2B2}.Release|x64.ActiveCfg = Release|Any CPU
		{DBF88F4B-7359-4C77-B750-4B014BE0C2B2}.Release|x64.Build.0 = Release|Any CPU
		{DBF88F4B-7359-4C77-B750-4B014BE0C2B2}.Release|x86.ActiveCfg = Release|Any CPU
		{DBF88F4B-7359-4C77-B750-4B014BE0C2B2}.Release|x86.Build.0 = Release|Any CPU
		{45678E02-D7AA-4515-B04F-38C48F5E48F7}.Debug|Any CPU.ActiveCfg = Debug|Any CPU
		{45678E02-D7AA-4515-B04F-38C48F5E48F7}.Debug|Any CPU.Build.0 = Debug|Any CPU
		{45678E02-D7AA-4515-B04F-38C48F5E48F7}.Debug|x64.ActiveCfg = Debug|Any CPU
		{45678E02-D7AA-4515-B04F-38C48F5E48F7}.Debug|x64.Build.0 = Debug|Any CPU
		{45678E02-D7AA-4515-B04F-38C48F5E48F7}.Debug|x86.ActiveCfg = Debug|Any CPU
		{45678E02-D7AA-4515-B04F-38C48F5E48F7}.Debug|x86.Build.0 = Debug|Any CPU
		{45678E02-D7AA-4515-B04F-38C48F5E48F7}.Release|Any CPU.ActiveCfg = Release|Any CPU
		{45678E02-D7AA-4515-B04F-38C48F5E48F7}.Release|Any CPU.Build.0 = Release|Any CPU
		{45678E02-D7AA-4515-B04F-38C48F5E48F7}.Release|x64.ActiveCfg = Release|Any CPU
		{45678E02-D7AA-4515-B04F-38C48F5E48F7}.Release|x64.Build.0 = Release|Any CPU
		{45678E02-D7AA-4515-B04F-38C48F5E48F7}.Release|x86.ActiveCfg = Release|Any CPU
		{45678E02-D7AA-4515-B04F-38C48F5E48F7}.Release|x86.Build.0 = Release|Any CPU
		{58329A45-4F12-4599-A70B-950CF3BF25B4}.Debug|Any CPU.ActiveCfg = Debug|Any CPU
		{58329A45-4F12-4599-A70B-950CF3BF25B4}.Debug|Any CPU.Build.0 = Debug|Any CPU
		{58329A45-4F12-4599-A70B-950CF3BF25B4}.Debug|x64.ActiveCfg = Debug|Any CPU
		{58329A45-4F12-4599-A70B-950CF3BF25B4}.Debug|x64.Build.0 = Debug|Any CPU
		{58329A45-4F12-4599-A70B-950CF3BF25B4}.Debug|x86.ActiveCfg = Debug|Any CPU
		{58329A45-4F12-4599-A70B-950CF3BF25B4}.Debug|x86.Build.0 = Debug|Any CPU
		{58329A45-4F12-4599-A70B-950CF3BF25B4}.Release|Any CPU.ActiveCfg = Release|Any CPU
		{58329A45-4F12-4599-A70B-950CF3BF25B4}.Release|Any CPU.Build.0 = Release|Any CPU
		{58329A45-4F12-4599-A70B-950CF3BF25B4}.Release|x64.ActiveCfg = Release|Any CPU
		{58329A45-4F12-4599-A70B-950CF3BF25B4}.Release|x64.Build.0 = Release|Any CPU
		{58329A45-4F12-4599-A70B-950CF3BF25B4}.Release|x86.ActiveCfg = Release|Any CPU
		{58329A45-4F12-4599-A70B-950CF3BF25B4}.Release|x86.Build.0 = Release|Any CPU
		{C9951D69-4847-4208-A4B0-B1861AD3BCF6}.Debug|Any CPU.ActiveCfg = Debug|Any CPU
		{C9951D69-4847-4208-A4B0-B1861AD3BCF6}.Debug|Any CPU.Build.0 = Debug|Any CPU
		{C9951D69-4847-4208-A4B0-B1861AD3BCF6}.Debug|x64.ActiveCfg = Debug|Any CPU
		{C9951D69-4847-4208-A4B0-B1861AD3BCF6}.Debug|x64.Build.0 = Debug|Any CPU
		{C9951D69-4847-4208-A4B0-B1861AD3BCF6}.Debug|x86.ActiveCfg = Debug|Any CPU
		{C9951D69-4847-4208-A4B0-B1861AD3BCF6}.Debug|x86.Build.0 = Debug|Any CPU
		{C9951D69-4847-4208-A4B0-B1861AD3BCF6}.Release|Any CPU.ActiveCfg = Release|Any CPU
		{C9951D69-4847-4208-A4B0-B1861AD3BCF6}.Release|Any CPU.Build.0 = Release|Any CPU
		{C9951D69-4847-4208-A4B0-B1861AD3BCF6}.Release|x64.ActiveCfg = Release|Any CPU
		{C9951D69-4847-4208-A4B0-B1861AD3BCF6}.Release|x64.Build.0 = Release|Any CPU
		{C9951D69-4847-4208-A4B0-B1861AD3BCF6}.Release|x86.ActiveCfg = Release|Any CPU
		{C9951D69-4847-4208-A4B0-B1861AD3BCF6}.Release|x86.Build.0 = Release|Any CPU
		{CFCEB7B9-F5B9-45EB-A289-008E77841172}.Debug|Any CPU.ActiveCfg = Debug|Any CPU
		{CFCEB7B9-F5B9-45EB-A289-008E77841172}.Debug|Any CPU.Build.0 = Debug|Any CPU
		{CFCEB7B9-F5B9-45EB-A289-008E77841172}.Debug|x64.ActiveCfg = Debug|Any CPU
		{CFCEB7B9-F5B9-45EB-A289-008E77841172}.Debug|x64.Build.0 = Debug|Any CPU
		{CFCEB7B9-F5B9-45EB-A289-008E77841172}.Debug|x86.ActiveCfg = Debug|Any CPU
		{CFCEB7B9-F5B9-45EB-A289-008E77841172}.Debug|x86.Build.0 = Debug|Any CPU
		{CFCEB7B9-F5B9-45EB-A289-008E77841172}.Release|Any CPU.ActiveCfg = Release|Any CPU
		{CFCEB7B9-F5B9-45EB-A289-008E77841172}.Release|Any CPU.Build.0 = Release|Any CPU
		{CFCEB7B9-F5B9-45EB-A289-008E77841172}.Release|x64.ActiveCfg = Release|Any CPU
		{CFCEB7B9-F5B9-45EB-A289-008E77841172}.Release|x64.Build.0 = Release|Any CPU
		{CFCEB7B9-F5B9-45EB-A289-008E77841172}.Release|x86.ActiveCfg = Release|Any CPU
		{CFCEB7B9-F5B9-45EB-A289-008E77841172}.Release|x86.Build.0 = Release|Any CPU
		{8D380ADA-A2E0-4E33-9DB4-28BE5A0236BA}.Debug|Any CPU.ActiveCfg = Debug|Any CPU
		{8D380ADA-A2E0-4E33-9DB4-28BE5A0236BA}.Debug|Any CPU.Build.0 = Debug|Any CPU
		{8D380ADA-A2E0-4E33-9DB4-28BE5A0236BA}.Debug|x64.ActiveCfg = Debug|Any CPU
		{8D380ADA-A2E0-4E33-9DB4-28BE5A0236BA}.Debug|x64.Build.0 = Debug|Any CPU
		{8D380ADA-A2E0-4E33-9DB4-28BE5A0236BA}.Debug|x86.ActiveCfg = Debug|Any CPU
		{8D380ADA-A2E0-4E33-9DB4-28BE5A0236BA}.Debug|x86.Build.0 = Debug|Any CPU
		{8D380ADA-A2E0-4E33-9DB4-28BE5A0236BA}.Release|Any CPU.ActiveCfg = Release|Any CPU
		{8D380ADA-A2E0-4E33-9DB4-28BE5A0236BA}.Release|Any CPU.Build.0 = Release|Any CPU
		{8D380ADA-A2E0-4E33-9DB4-28BE5A0236BA}.Release|x64.ActiveCfg = Release|Any CPU
		{8D380ADA-A2E0-4E33-9DB4-28BE5A0236BA}.Release|x64.Build.0 = Release|Any CPU
		{8D380ADA-A2E0-4E33-9DB4-28BE5A0236BA}.Release|x86.ActiveCfg = Release|Any CPU
		{8D380ADA-A2E0-4E33-9DB4-28BE5A0236BA}.Release|x86.Build.0 = Release|Any CPU
	EndGlobalSection
	GlobalSection(SolutionProperties) = preSolution
		HideSolutionNode = FALSE
	EndGlobalSection
	GlobalSection(NestedProjects) = preSolution
		{7A238337-5CF4-4820-B10D-A0371FAC5D48} = {827E0CD3-B72D-47B6-A68D-7590B98EB39B}
		{DBF88F4B-7359-4C77-B750-4B014BE0C2B2} = {827E0CD3-B72D-47B6-A68D-7590B98EB39B}
		{45678E02-D7AA-4515-B04F-38C48F5E48F7} = {827E0CD3-B72D-47B6-A68D-7590B98EB39B}
		{58329A45-4F12-4599-A70B-950CF3BF25B4} = {827E0CD3-B72D-47B6-A68D-7590B98EB39B}
		{C9951D69-4847-4208-A4B0-B1861AD3BCF6} = {827E0CD3-B72D-47B6-A68D-7590B98EB39B}
		{CFCEB7B9-F5B9-45EB-A289-008E77841172} = {827E0CD3-B72D-47B6-A68D-7590B98EB39B}
		{8D380ADA-A2E0-4E33-9DB4-28BE5A0236BA} = {827E0CD3-B72D-47B6-A68D-7590B98EB39B}
	EndGlobalSection
EndGlobal
